{
  "name": "aparat",
  "lockfileVersion": 3,
  "requires": true,
  "packages": {
    "": {
      "dependencies": {
        "elm-test-rs": "^3.0.0-5"
      }
    },
    "node_modules/@mattpiz/elm-test-rs-darwin-arm64": {
      "version": "3.0.0-1",
      "resolved": "https://registry.npmjs.org/@mattpiz/elm-test-rs-darwin-arm64/-/elm-test-rs-darwin-arm64-3.0.0-1.tgz",
      "integrity": "sha512-+8pzcj2CK8NUElWvI4NUwCtn1doLk05NjFRXS9nUluGzgoImy9wwQPLtla5DWgdYOL70UufkwfxJN+0qaQMEpg==",
      "cpu": [
        "arm64"
      ],
      "optional": true,
      "os": [
        "darwin"
      ]
    },
    "node_modules/@mattpiz/elm-test-rs-darwin-x64": {
      "version": "3.0.0-0",
      "resolved": "https://registry.npmjs.org/@mattpiz/elm-test-rs-darwin-x64/-/elm-test-rs-darwin-x64-3.0.0-0.tgz",
      "integrity": "sha512-PfUELK7y9UpeZnvKeJBSPbuCbb1I3T0ptZUOnjVIWvAQmg3iov6I79PD2OEP9NtP0iepj+2v2BtgbmZlVrXIZg==",
      "cpu": [
        "x64"
      ],
      "optional": true,
      "os": [
        "darwin"
      ]
    },
    "node_modules/@mattpiz/elm-test-rs-linux-arm": {
      "version": "3.0.0-0",
      "resolved": "https://registry.npmjs.org/@mattpiz/elm-test-rs-linux-arm/-/elm-test-rs-linux-arm-3.0.0-0.tgz",
      "integrity": "sha512-VVFq5horhAldLLmz/P2ljLArJkZuuzpjIUVo9KIPA15euesAxM0lzUnj5Bag9kbjZz4T6/YKToXnaxdDdwcitg==",
      "cpu": [
        "arm"
      ],
      "optional": true,
      "os": [
        "linux"
      ]
    },
    "node_modules/@mattpiz/elm-test-rs-linux-arm64": {
      "version": "3.0.0-0",
      "resolved": "https://registry.npmjs.org/@mattpiz/elm-test-rs-linux-arm64/-/elm-test-rs-linux-arm64-3.0.0-0.tgz",
      "integrity": "sha512-BdfQDWtVUFM1NMPa5U5lBKT3gtDSP7KpypdK+R0jRBx51382t5VA5Byb+2Nzc7aXgS6LA1/nvNRtq/jO7Aj2uw==",
      "cpu": [
        "arm64"
      ],
      "optional": true,
      "os": [
        "linux"
      ]
    },
    "node_modules/@mattpiz/elm-test-rs-linux-x64": {
      "version": "3.0.0-0",
      "resolved": "https://registry.npmjs.org/@mattpiz/elm-test-rs-linux-x64/-/elm-test-rs-linux-x64-3.0.0-0.tgz",
      "integrity": "sha512-RfOs3KEyPn0yEHjMjka3R99SdR/TtjgnjSsYahLL1mVUaWOHEcdr86iU6CpWScVtY2jMNQLaeudXOcBm6lXIsQ==",
      "cpu": [
        "x64"
      ],
      "optional": true,
      "os": [
        "linux"
      ]
    },
    "node_modules/@mattpiz/elm-test-rs-win32-x64": {
      "version": "3.0.0-0",
      "resolved": "https://registry.npmjs.org/@mattpiz/elm-test-rs-win32-x64/-/elm-test-rs-win32-x64-3.0.0-0.tgz",
      "integrity": "sha512-7Vr74820XFPwUNrpZVybStPlCTyAjthgnUel23j3fJB2yDm9ydbBSPvLCmngqzkZBAnpX8eruUqDphTx+mR28Q==",
      "cpu": [
        "x64"
      ],
      "optional": true,
      "os": [
        "win32"
      ]
    },
    "node_modules/elm-test-rs": {
      "version": "3.0.0-5",
      "resolved": "https://registry.npmjs.org/elm-test-rs/-/elm-test-rs-3.0.0-5.tgz",
      "integrity": "sha512-efTPM54Ly7gm6zfECCYxfueP4TOVrMudae2eturtMBAvp5rlFOkWUL+7VHAsd4AjCvMNw5h7qD+c/RqQDhAH9Q==",
      "hasInstallScript": true,
      "bin": {
        "elm-test-rs": "elm-test-rs.js"
      },
      "optionalDependencies": {
        "@mattpiz/elm-test-rs-darwin-arm64": "3.0.0-1",
        "@mattpiz/elm-test-rs-darwin-x64": "3.0.0-0",
        "@mattpiz/elm-test-rs-linux-arm": "3.0.0-0",
        "@mattpiz/elm-test-rs-linux-arm64": "3.0.0-0",
        "@mattpiz/elm-test-rs-linux-x64": "3.0.0-0",
        "@mattpiz/elm-test-rs-win32-x64": "3.0.0-0"
      }
    }
  }
}
